
Microsoft Visual Studio Solution File, Format Version 12.00
# Visual Studio 15
VisualStudioVersion = 15.0.26403.7
MinimumVisualStudioVersion = 10.0.40219.1
Project("{FAE04EC0-301F-11D3-BF4B-00C04F79EFBC}") = "Memento", "Memento\Memento.csproj", "{883504B0-5502-41B4-AE19-A4394E66FB2D}"
EndProject
Global
	GlobalSection(SolutionConfigurationPlatforms) = preSolution
		Debug|Any CPU = Debug|Any CPU
		Release|Any CPU = Release|Any CPU
	EndGlobalSection
	GlobalSection(ProjectConfigurationPlatforms) = postSolution
		{883504B0-5502-41B4-AE19-A4394E66FB2D}.Debug|Any CPU.ActiveCfg = Debug|Any CPU
		{883504B0-5502-41B4-AE19-A4394E66FB2D}.Debug|Any CPU.Build.0 = Debug|Any CPU
		{883504B0-5502-41B4-AE19-A4394E66FB2D}.Release|Any CPU.ActiveCfg = Release|Any CPU
		{883504B0-5502-41B4-AE19-A4394E66FB2D}.Release|Any CPU.Build.0 = Release|Any CPU
	EndGlobalSection
	GlobalSection(SolutionProperties) = preSolution
		HideSolutionNode = FALSE
	EndGlobalSection
	GlobalSection(ExtensibilityGlobals) = postSolution
		SolutionGuid = {10829F0F-7E7A-430B-8A0F-9824069D2B7F}
	EndGlobalSection
EndGlobal
